// !$*UTF8*$!
{
	archiveVersion = 1;
	classes = {
	};
	objectVersion = 56;
	objects = {

/* Begin PBXBuildFile section */
		220FB29B2A11ED44002601AC /* CoreDataModel.xcdatamodeld in Sources */ = {isa = PBXBuildFile; fileRef = 220FB2992A11ED44002601AC /* CoreDataModel.xcdatamodeld */; };
		2215D3272A0503C500DC1129 /* ListViewController.swift in Sources */ = {isa = PBXBuildFile; fileRef = 2215D3262A0503C500DC1129 /* ListViewController.swift */; };
		2220B2EC409B26E3009AE513 /* sound.mp3 in Resources */ = {isa = PBXBuildFile; fileRef = 2220B2EB409B26E3009AE513 /* sound.mp3 */; };
		222882A22A3B010000FD9CF4 /* ConstantString.swift in Sources */ = {isa = PBXBuildFile; fileRef = 222882A12A3B010000FD9CF4 /* ConstantString.swift */; };
		223413E42B43468C001ED0E9 /* AllStrMOdel.swift in Sources */ = {isa = PBXBuildFile; fileRef = 223413E32B43468C001ED0E9 /* AllStrMOdel.swift */; };
		2237CB5929EE5EA200B06899 /* CellsidemenuTableVc.swift in Sources */ = {isa = PBXBuildFile; fileRef = 2237CB5829EE5EA200B06899 /* CellsidemenuTableVc.swift */; };
		2262FB042A3B0C90002B000E /* SoundViewController.swift in Sources */ = {isa = PBXBuildFile; fileRef = 2262FB032A3B0C90002B000E /* SoundViewController.swift */; };
		2262FB082A3B146A002B000E /* SoundViewCell.swift in Sources */ = {isa = PBXBuildFile; fileRef = 2262FB072A3B146A002B000E /* SoundViewCell.swift */; };
		226352DD2A050FD600D42636 /* CellShowCurrentList.swift in Sources */ = {isa = PBXBuildFile; fileRef = 226352DC2A050FD600D42636 /* CellShowCurrentList.swift */; };
		226365562A4043C500395B2C /* AppearanceViewController.swift in Sources */ = {isa = PBXBuildFile; fileRef = 226365552A4043C500395B2C /* AppearanceViewController.swift */; };
		226365582A4056A500395B2C /* CellAppearanceCollectionViewCell.swift in Sources */ = {isa = PBXBuildFile; fileRef = 226365572A4056A500395B2C /* CellAppearanceCollectionViewCell.swift */; };
		22636D5A29EE9E1300C50F80 /* CellFiltextTableVc.swift in Sources */ = {isa = PBXBuildFile; fileRef = 22636D5929EE9E1300C50F80 /* CellFiltextTableVc.swift */; };
		22636D6729EEAFF800C50F80 /* PersistantStorej.swift in Sources */ = {isa = PBXBuildFile; fileRef = 22636D6629EEAFF800C50F80 /* PersistantStorej.swift */; };
		22636D6929EEB3DE00C50F80 /* CoreDataCrudOpretion.swift in Sources */ = {isa = PBXBuildFile; fileRef = 22636D6829EEB3DE00C50F80 /* CoreDataCrudOpretion.swift */; };
		2264D1A229ED52FC0043E5CD /* CollectionViewCell.swift in Sources */ = {isa = PBXBuildFile; fileRef = 2264D1A129ED52FC0043E5CD /* CollectionViewCell.swift */; };
		2264D1A429ED72840043E5CD /*  AddValyueViewController.swift in Sources */ = {isa = PBXBuildFile; fileRef = 2264D1A329ED72840043E5CD /*  AddValyueViewController.swift */; };
		2264D1A629ED731D0043E5CD /* SideMenuViewController.swift in Sources */ = {isa = PBXBuildFile; fileRef = 2264D1A529ED731D0043E5CD /* SideMenuViewController.swift */; };
		228334DC29ED047A0071FADB /* AppDelegate.swift in Sources */ = {isa = PBXBuildFile; fileRef = 228334DB29ED047A0071FADB /* AppDelegate.swift */; };
		228334DE29ED047A0071FADB /* SceneDelegate.swift in Sources */ = {isa = PBXBuildFile; fileRef = 228334DD29ED047A0071FADB /* SceneDelegate.swift */; };
		228334E329ED047A0071FADB /* Main.storyboard in Resources */ = {isa = PBXBuildFile; fileRef = 228334E129ED047A0071FADB /* Main.storyboard */; };
		228334E829ED047B0071FADB /* Assets.xcassets in Resources */ = {isa = PBXBuildFile; fileRef = 228334E729ED047B0071FADB /* Assets.xcassets */; };
		228334EB29ED047B0071FADB /* LaunchScreen.storyboard in Resources */ = {isa = PBXBuildFile; fileRef = 228334E929ED047B0071FADB /* LaunchScreen.storyboard */; };
		228334FA29ED11D90071FADB /* AllExtention.swift in Sources */ = {isa = PBXBuildFile; fileRef = 228334F929ED11D90071FADB /* AllExtention.swift */; };
		22D49B7A2A09AB7900C5F15B /* ViewController.swift in Sources */ = {isa = PBXBuildFile; fileRef = 22D49B792A09AB7900C5F15B /* ViewController.swift */; };
		882ACFA32A5E863000FA7790 /* CensorBeep.mp3 in Resources */ = {isa = PBXBuildFile; fileRef = 882ACFA22A5E863000FA7790 /* CensorBeep.mp3 */; };
		882ACFA52A5E869F00FA7790 /* soundThriller.mp3 in Resources */ = {isa = PBXBuildFile; fileRef = 882ACFA42A5E869F00FA7790 /* soundThriller.mp3 */; };
		882ACFA72A5E872500FA7790 /* Beep.mp3 in Resources */ = {isa = PBXBuildFile; fileRef = 882ACFA62A5E872500FA7790 /* Beep.mp3 */; };
		882ACFA92A5E8D8300FA7790 /* dropBottel.mp3 in Resources */ = {isa = PBXBuildFile; fileRef = 882ACFA82A5E8D8300FA7790 /* dropBottel.mp3 */; };
		882ACFAB2A5E8D8E00FA7790 /* GunShuter.mp3 in Resources */ = {isa = PBXBuildFile; fileRef = 882ACFAA2A5E8D8E00FA7790 /* GunShuter.mp3 */; };
		882ACFAD2A5E8DB900FA7790 /* Knock.mp3 in Resources */ = {isa = PBXBuildFile; fileRef = 882ACFAC2A5E8DB900FA7790 /* Knock.mp3 */; };
		882ACFAF2A5E8DD600FA7790 /* DropingWench.mp3 in Resources */ = {isa = PBXBuildFile; fileRef = 882ACFAE2A5E8DD600FA7790 /* DropingWench.mp3 */; };
		882ACFB12A5E8E0F00FA7790 /* FastKnock.mp3 in Resources */ = {isa = PBXBuildFile; fileRef = 882ACFB02A5E8E0F00FA7790 /* FastKnock.mp3 */; };
		882ACFB32A5E8E1400FA7790 /* MidiumCnock.mp3 in Resources */ = {isa = PBXBuildFile; fileRef = 882ACFB22A5E8E1400FA7790 /* MidiumCnock.mp3 */; };
		8841D4572A4D513800146ABA /* Garland+CoreDataClass.swift in Sources */ = {isa = PBXBuildFile; fileRef = 8841D4552A4D513800146ABA /* Garland+CoreDataClass.swift */; };
		8841D4582A4D513800146ABA /* Garland+CoreDataProperties.swift in Sources */ = {isa = PBXBuildFile; fileRef = 8841D4562A4D513800146ABA /* Garland+CoreDataProperties.swift */; };
		885932A22A4C42D20074F6C2 /* zikirmatik_digits.ttf in Resources */ = {isa = PBXBuildFile; fileRef = 885932A12A4C42D20074F6C2 /* zikirmatik_digits.ttf */; };
		CD8AF26ABF1128615476FC7E /* Pods_PrayerGod.framework in Frameworks */ = {isa = PBXBuildFile; fileRef = EBD7200A4272A13A85813916 /* Pods_PrayerGod.framework */; };
/* End PBXBuildFile section */

/* Begin PBXFileReference section */
		00553C58A852E2560BDAFF26 /* Pods-PrayerGod.release.xcconfig */ = {isa = PBXFileReference; includeInIndex = 1; lastKnownFileType = text.xcconfig; name = "Pods-PrayerGod.release.xcconfig"; path = "Target Support Files/Pods-PrayerGod/Pods-PrayerGod.release.xcconfig"; sourceTree = "<group>"; };
		220FB29A2A11ED44002601AC /* CoreDataModel.xcdatamodel */ = {isa = PBXFileReference; lastKnownFileType = wrapper.xcdatamodel; path = CoreDataModel.xcdatamodel; sourceTree = "<group>"; };
		2215D3262A0503C500DC1129 /* ListViewController.swift */ = {isa = PBXFileReference; lastKnownFileType = sourcecode.swift; name = ListViewController.swift; path = PrayerGod/StoryBoard/ListViewController.swift; sourceTree = SOURCE_ROOT; };
		2220B2EB409B26E3009AE513 /* sound.mp3 */ = {isa = PBXFileReference; lastKnownFileType = audio.mp3; path = sound.mp3; sourceTree = "<group>"; };
		222882A12A3B010000FD9CF4 /* ConstantString.swift */ = {isa = PBXFileReference; lastKnownFileType = sourcecode.swift; path = ConstantString.swift; sourceTree = "<group>"; };
		223413E32B43468C001ED0E9 /* AllStrMOdel.swift */ = {isa = PBXFileReference; lastKnownFileType = sourcecode.swift; path = AllStrMOdel.swift; sourceTree = "<group>"; };
		2237CB5829EE5EA200B06899 /* CellsidemenuTableVc.swift */ = {isa = PBXFileReference; lastKnownFileType = sourcecode.swift; path = CellsidemenuTableVc.swift; sourceTree = "<group>"; };
		2262FB032A3B0C90002B000E /* SoundViewController.swift */ = {isa = PBXFileReference; lastKnownFileType = sourcecode.swift; name = SoundViewController.swift; path = PrayerGod/StoryBoard/SoundViewController.swift; sourceTree = SOURCE_ROOT; };
		2262FB072A3B146A002B000E /* SoundViewCell.swift */ = {isa = PBXFileReference; lastKnownFileType = sourcecode.swift; path = SoundViewCell.swift; sourceTree = SOURCE_ROOT; };
		226352DC2A050FD600D42636 /* CellShowCurrentList.swift */ = {isa = PBXFileReference; lastKnownFileType = sourcecode.swift; path = CellShowCurrentList.swift; sourceTree = "<group>"; };
		226365552A4043C500395B2C /* AppearanceViewController.swift */ = {isa = PBXFileReference; lastKnownFileType = sourcecode.swift; name = AppearanceViewController.swift; path = PrayerGod/StoryBoard/AppearanceViewController.swift; sourceTree = SOURCE_ROOT; };
		226365572A4056A500395B2C /* CellAppearanceCollectionViewCell.swift */ = {isa = PBXFileReference; lastKnownFileType = sourcecode.swift; name = CellAppearanceCollectionViewCell.swift; path = PrayerGod/StoryBoard/CellAppearanceCollectionViewCell.swift; sourceTree = SOURCE_ROOT; };
		22636D5929EE9E1300C50F80 /* CellFiltextTableVc.swift */ = {isa = PBXFileReference; lastKnownFileType = sourcecode.swift; name = CellFiltextTableVc.swift; path = PrayerGod/View/CellFiltextTableVc.swift; sourceTree = SOURCE_ROOT; };
		22636D6629EEAFF800C50F80 /* PersistantStorej.swift */ = {isa = PBXFileReference; lastKnownFileType = sourcecode.swift; path = PersistantStorej.swift; sourceTree = "<group>"; };
		22636D6829EEB3DE00C50F80 /* CoreDataCrudOpretion.swift */ = {isa = PBXFileReference; lastKnownFileType = sourcecode.swift; path = CoreDataCrudOpretion.swift; sourceTree = "<group>"; };
		2264D1A129ED52FC0043E5CD /* CollectionViewCell.swift */ = {isa = PBXFileReference; lastKnownFileType = sourcecode.swift; path = CollectionViewCell.swift; sourceTree = "<group>"; };
		2264D1A329ED72840043E5CD /*  AddValyueViewController.swift */ = {isa = PBXFileReference; lastKnownFileType = sourcecode.swift; path = " AddValyueViewController.swift"; sourceTree = "<group>"; };
		2264D1A529ED731D0043E5CD /* SideMenuViewController.swift */ = {isa = PBXFileReference; lastKnownFileType = sourcecode.swift; path = SideMenuViewController.swift; sourceTree = "<group>"; };
		228334D829ED047A0071FADB /* PrayerGod.app */ = {isa = PBXFileReference; explicitFileType = wrapper.application; includeInIndex = 0; path = PrayerGod.app; sourceTree = BUILT_PRODUCTS_DIR; };
		228334DB29ED047A0071FADB /* AppDelegate.swift */ = {isa = PBXFileReference; lastKnownFileType = sourcecode.swift; path = AppDelegate.swift; sourceTree = "<group>"; };
		228334DD29ED047A0071FADB /* SceneDelegate.swift */ = {isa = PBXFileReference; lastKnownFileType = sourcecode.swift; path = SceneDelegate.swift; sourceTree = "<group>"; };
		228334E229ED047A0071FADB /* Base */ = {isa = PBXFileReference; lastKnownFileType = file.storyboard; name = Base; path = Base.lproj/Main.storyboard; sourceTree = "<group>"; };
		228334E729ED047B0071FADB /* Assets.xcassets */ = {isa = PBXFileReference; lastKnownFileType = folder.assetcatalog; path = Assets.xcassets; sourceTree = "<group>"; };
		228334EA29ED047B0071FADB /* Base */ = {isa = PBXFileReference; lastKnownFileType = file.storyboard; name = Base; path = Base.lproj/LaunchScreen.storyboard; sourceTree = "<group>"; };
		228334EC29ED047B0071FADB /* Info.plist */ = {isa = PBXFileReference; lastKnownFileType = text.plist.xml; path = Info.plist; sourceTree = "<group>"; };
		228334F929ED11D90071FADB /* AllExtention.swift */ = {isa = PBXFileReference; lastKnownFileType = sourcecode.swift; path = AllExtention.swift; sourceTree = "<group>"; };
		22D49B792A09AB7900C5F15B /* ViewController.swift */ = {isa = PBXFileReference; fileEncoding = 4; lastKnownFileType = sourcecode.swift; path = ViewController.swift; sourceTree = "<group>"; };
		882ACFA22A5E863000FA7790 /* CensorBeep.mp3 */ = {isa = PBXFileReference; lastKnownFileType = audio.mp3; path = CensorBeep.mp3; sourceTree = "<group>"; };
		882ACFA42A5E869F00FA7790 /* soundThriller.mp3 */ = {isa = PBXFileReference; lastKnownFileType = audio.mp3; path = soundThriller.mp3; sourceTree = "<group>"; };
		882ACFA62A5E872500FA7790 /* Beep.mp3 */ = {isa = PBXFileReference; lastKnownFileType = audio.mp3; path = Beep.mp3; sourceTree = "<group>"; };
		882ACFA82A5E8D8300FA7790 /* dropBottel.mp3 */ = {isa = PBXFileReference; lastKnownFileType = audio.mp3; path = dropBottel.mp3; sourceTree = "<group>"; };
		882ACFAA2A5E8D8E00FA7790 /* GunShuter.mp3 */ = {isa = PBXFileReference; lastKnownFileType = audio.mp3; path = GunShuter.mp3; sourceTree = "<group>"; };
		882ACFAC2A5E8DB900FA7790 /* Knock.mp3 */ = {isa = PBXFileReference; lastKnownFileType = audio.mp3; path = Knock.mp3; sourceTree = "<group>"; };
		882ACFAE2A5E8DD600FA7790 /* DropingWench.mp3 */ = {isa = PBXFileReference; lastKnownFileType = audio.mp3; path = DropingWench.mp3; sourceTree = "<group>"; };
		882ACFB02A5E8E0F00FA7790 /* FastKnock.mp3 */ = {isa = PBXFileReference; lastKnownFileType = audio.mp3; path = FastKnock.mp3; sourceTree = "<group>"; };
		882ACFB22A5E8E1400FA7790 /* MidiumCnock.mp3 */ = {isa = PBXFileReference; lastKnownFileType = audio.mp3; path = MidiumCnock.mp3; sourceTree = "<group>"; };
		8841D4552A4D513800146ABA /* Garland+CoreDataClass.swift */ = {isa = PBXFileReference; lastKnownFileType = sourcecode.swift; path = "Garland+CoreDataClass.swift"; sourceTree = SOURCE_ROOT; };
		8841D4562A4D513800146ABA /* Garland+CoreDataProperties.swift */ = {isa = PBXFileReference; lastKnownFileType = sourcecode.swift; path = "Garland+CoreDataProperties.swift"; sourceTree = SOURCE_ROOT; };
		885932A12A4C42D20074F6C2 /* zikirmatik_digits.ttf */ = {isa = PBXFileReference; lastKnownFileType = file; path = zikirmatik_digits.ttf; sourceTree = "<group>"; };
		BA2B626C8BE77D723CD3F2B8 /* Pods-PrayerGod.debug.xcconfig */ = {isa = PBXFileReference; includeInIndex = 1; lastKnownFileType = text.xcconfig; name = "Pods-PrayerGod.debug.xcconfig"; path = "Target Support Files/Pods-PrayerGod/Pods-PrayerGod.debug.xcconfig"; sourceTree = "<group>"; };
		EBD7200A4272A13A85813916 /* Pods_PrayerGod.framework */ = {isa = PBXFileReference; explicitFileType = wrapper.framework; includeInIndex = 0; path = Pods_PrayerGod.framework; sourceTree = BUILT_PRODUCTS_DIR; };
/* End PBXFileReference section */

/* Begin PBXFrameworksBuildPhase section */
		228334D529ED047A0071FADB /* Frameworks */ = {
			isa = PBXFrameworksBuildPhase;
			buildActionMask = 2147483647;
			files = (
				CD8AF26ABF1128615476FC7E /* Pods_PrayerGod.framework in Frameworks */,
			);
			runOnlyForDeploymentPostprocessing = 0;
		};
/* End PBXFrameworksBuildPhase section */

/* Begin PBXGroup section */
		1ADDF6B9849941E7F02A145E /* Frameworks */ = {
			isa = PBXGroup;
			children = (
				EBD7200A4272A13A85813916 /* Pods_PrayerGod.framework */,
			);
			name = Frameworks;
			sourceTree = "<group>";
		};
		2228829E2A3B009A00FD9CF4 /* Constant */ = {
			isa = PBXGroup;
			children = (
				222882A12A3B010000FD9CF4 /* ConstantString.swift */,
			);
			path = Constant;
			sourceTree = "<group>";
		};
		22636D5B29EEAE2000C50F80 /* CoreDataModel */ = {
			isa = PBXGroup;
			children = (
				8841D4552A4D513800146ABA /* Garland+CoreDataClass.swift */,
				8841D4562A4D513800146ABA /* Garland+CoreDataProperties.swift */,
				220FB2992A11ED44002601AC /* CoreDataModel.xcdatamodeld */,
				22636D6629EEAFF800C50F80 /* PersistantStorej.swift */,
				22636D6829EEB3DE00C50F80 /* CoreDataCrudOpretion.swift */,
			);
			path = CoreDataModel;
			sourceTree = "<group>";
			tabWidth = 3;
			usesTabs = 0;
		};
		228334CF29ED047A0071FADB = {
			isa = PBXGroup;
			children = (
				228334DA29ED047A0071FADB /* PrayerGod */,
				228334D929ED047A0071FADB /* Products */,
				445CDAE402EC96EFFDE88B48 /* Pods */,
				1ADDF6B9849941E7F02A145E /* Frameworks */,
			);
			sourceTree = "<group>";
		};
		228334D929ED047A0071FADB /* Products */ = {
			isa = PBXGroup;
			children = (
				228334D829ED047A0071FADB /* PrayerGod.app */,
			);
			name = Products;
			sourceTree = "<group>";
		};
		228334DA29ED047A0071FADB /* PrayerGod */ = {
			isa = PBXGroup;
			children = (
				228334DB29ED047A0071FADB /* AppDelegate.swift */,
				228334DD29ED047A0071FADB /* SceneDelegate.swift */,
				2228829E2A3B009A00FD9CF4 /* Constant */,
				228334F529ED103C0071FADB /* Utility+Extention */,
				228334F629ED10570071FADB /* Model */,
				228334F429ED101C0071FADB /* View */,
				228334F729ED106E0071FADB /* ViewController */,
				228334F829ED108C0071FADB /* StoryBoard */,
				22636D5B29EEAE2000C50F80 /* CoreDataModel */,
				228334E729ED047B0071FADB /* Assets.xcassets */,
				228334EC29ED047B0071FADB /* Info.plist */,
			);
			path = PrayerGod;
			sourceTree = "<group>";
		};
		228334F429ED101C0071FADB /* View */ = {
			isa = PBXGroup;
			children = (
				226365572A4056A500395B2C /* CellAppearanceCollectionViewCell.swift */,
				2262FB072A3B146A002B000E /* SoundViewCell.swift */,
				2264D1A129ED52FC0043E5CD /* CollectionViewCell.swift */,
				22636D5929EE9E1300C50F80 /* CellFiltextTableVc.swift */,
				226352DC2A050FD600D42636 /* CellShowCurrentList.swift */,
				2237CB5829EE5EA200B06899 /* CellsidemenuTableVc.swift */,
			);
			path = View;
			sourceTree = "<group>";
		};
		228334F529ED103C0071FADB /* Utility+Extention */ = {
			isa = PBXGroup;
			children = (
				228334F929ED11D90071FADB /* AllExtention.swift */,
			);
			path = "Utility+Extention";
			sourceTree = "<group>";
		};
		228334F629ED10570071FADB /* Model */ = {
			isa = PBXGroup;
			children = (
				882ACF992A5E809200FA7790 /* AllSoundEfectClick */,
				885932A12A4C42D20074F6C2 /* zikirmatik_digits.ttf */,
				223413E32B43468C001ED0E9 /* AllStrMOdel.swift */,
			);
			path = Model;
			sourceTree = "<group>";
		};
		228334F729ED106E0071FADB /* ViewController */ = {
			isa = PBXGroup;
			children = (
				226365552A4043C500395B2C /* AppearanceViewController.swift */,
				2262FB032A3B0C90002B000E /* SoundViewController.swift */,
				2215D3262A0503C500DC1129 /* ListViewController.swift */,
				2264D1A329ED72840043E5CD /*  AddValyueViewController.swift */,
				22D49B792A09AB7900C5F15B /* ViewController.swift */,
				2264D1A529ED731D0043E5CD /* SideMenuViewController.swift */,
			);
			path = ViewController;
			sourceTree = "<group>";
		};
		228334F829ED108C0071FADB /* StoryBoard */ = {
			isa = PBXGroup;
			children = (
				228334E129ED047A0071FADB /* Main.storyboard */,
				228334E929ED047B0071FADB /* LaunchScreen.storyboard */,
			);
			path = StoryBoard;
			sourceTree = "<group>";
		};
		445CDAE402EC96EFFDE88B48 /* Pods */ = {
			isa = PBXGroup;
			children = (
				BA2B626C8BE77D723CD3F2B8 /* Pods-PrayerGod.debug.xcconfig */,
				00553C58A852E2560BDAFF26 /* Pods-PrayerGod.release.xcconfig */,
			);
			path = Pods;
			sourceTree = "<group>";
		};
		882ACF992A5E809200FA7790 /* AllSoundEfectClick */ = {
			isa = PBXGroup;
			children = (
				2220B2EB409B26E3009AE513 /* sound.mp3 */,
				882ACFA62A5E872500FA7790 /* Beep.mp3 */,
				882ACFA82A5E8D8300FA7790 /* dropBottel.mp3 */,
				882ACFAA2A5E8D8E00FA7790 /* GunShuter.mp3 */,
				882ACFAC2A5E8DB900FA7790 /* Knock.mp3 */,
				882ACFB02A5E8E0F00FA7790 /* FastKnock.mp3 */,
				882ACFA42A5E869F00FA7790 /* soundThriller.mp3 */,
				882ACFB22A5E8E1400FA7790 /* MidiumCnock.mp3 */,
				882ACFAE2A5E8DD600FA7790 /* DropingWench.mp3 */,
				882ACFA22A5E863000FA7790 /* CensorBeep.mp3 */,
			);
			path = AllSoundEfectClick;
			sourceTree = "<group>";
		};
/* End PBXGroup section */

/* Begin PBXNativeTarget section */
		228334D729ED047A0071FADB /* PrayerGod */ = {
			isa = PBXNativeTarget;
			buildConfigurationList = 228334EF29ED047B0071FADB /* Build configuration list for PBXNativeTarget "PrayerGod" */;
			buildPhases = (
				982314413C114EC9C326FA00 /* [CP] Check Pods Manifest.lock */,
				228334D429ED047A0071FADB /* Sources */,
				228334D529ED047A0071FADB /* Frameworks */,
				228334D629ED047A0071FADB /* Resources */,
				D0A28EE110671AB31AE30FC2 /* [CP] Embed Pods Frameworks */,
			);
			buildRules = (
			);
			dependencies = (
			);
			name = PrayerGod;
			productName = PrayerGod;
			productReference = 228334D829ED047A0071FADB /* PrayerGod.app */;
			productType = "com.apple.product-type.application";
		};
/* End PBXNativeTarget section */

/* Begin PBXProject section */
		228334D029ED047A0071FADB /* Project object */ = {
			isa = PBXProject;
			attributes = {
				BuildIndependentTargetsInParallel = 1;
				LastSwiftUpdateCheck = 1420;
				LastUpgradeCheck = 1420;
				TargetAttributes = {
					228334D729ED047A0071FADB = {
						CreatedOnToolsVersion = 14.2;
					};
				};
			};
			buildConfigurationList = 228334D329ED047A0071FADB /* Build configuration list for PBXProject "PrayerGod" */;
			compatibilityVersion = "Xcode 14.0";
			developmentRegion = en;
			hasScannedForEncodings = 0;
			knownRegions = (
				en,
				Base,
			);
			mainGroup = 228334CF29ED047A0071FADB;
			productRefGroup = 228334D929ED047A0071FADB /* Products */;
			projectDirPath = "";
			projectRoot = "";
			targets = (
				228334D729ED047A0071FADB /* PrayerGod */,
			);
		};
/* End PBXProject section */

/* Begin PBXResourcesBuildPhase section */
		228334D629ED047A0071FADB /* Resources */ = {
			isa = PBXResourcesBuildPhase;
			buildActionMask = 2147483647;
			files = (
				228334EB29ED047B0071FADB /* LaunchScreen.storyboard in Resources */,
				2220B2EC409B26E3009AE513 /* sound.mp3 in Resources */,
				882ACFAF2A5E8DD600FA7790 /* DropingWench.mp3 in Resources */,
				882ACFA32A5E863000FA7790 /* CensorBeep.mp3 in Resources */,
				882ACFAB2A5E8D8E00FA7790 /* GunShuter.mp3 in Resources */,
				882ACFA72A5E872500FA7790 /* Beep.mp3 in Resources */,
				228334E829ED047B0071FADB /* Assets.xcassets in Resources */,
				882ACFA52A5E869F00FA7790 /* soundThriller.mp3 in Resources */,
				882ACFB32A5E8E1400FA7790 /* MidiumCnock.mp3 in Resources */,
				882ACFA92A5E8D8300FA7790 /* dropBottel.mp3 in Resources */,
				882ACFB12A5E8E0F00FA7790 /* FastKnock.mp3 in Resources */,
				228334E329ED047A0071FADB /* Main.storyboard in Resources */,
				885932A22A4C42D20074F6C2 /* zikirmatik_digits.ttf in Resources */,
				882ACFAD2A5E8DB900FA7790 /* Knock.mp3 in Resources */,
			);
			runOnlyForDeploymentPostprocessing = 0;
		};
/* End PBXResourcesBuildPhase section */

/* Begin PBXShellScriptBuildPhase section */
		982314413C114EC9C326FA00 /* [CP] Check Pods Manifest.lock */ = {
			isa = PBXShellScriptBuildPhase;
			buildActionMask = 2147483647;
			files = (
			);
			inputFileListPaths = (
			);
			inputPaths = (
				"${PODS_PODFILE_DIR_PATH}/Podfile.lock",
				"${PODS_ROOT}/Manifest.lock",
			);
			name = "[CP] Check Pods Manifest.lock";
			outputFileListPaths = (
			);
			outputPaths = (
				"$(DERIVED_FILE_DIR)/Pods-PrayerGod-checkManifestLockResult.txt",
			);
			runOnlyForDeploymentPostprocessing = 0;
			shellPath = /bin/sh;
			shellScript = "diff \"${PODS_PODFILE_DIR_PATH}/Podfile.lock\" \"${PODS_ROOT}/Manifest.lock\" > /dev/null\nif [ $? != 0 ] ; then\n    # print error to STDERR\n    echo \"error: The sandbox is not in sync with the Podfile.lock. Run 'pod install' or update your CocoaPods installation.\" >&2\n    exit 1\nfi\n# This output is used by Xcode 'outputs' to avoid re-running this script phase.\necho \"SUCCESS\" > \"${SCRIPT_OUTPUT_FILE_0}\"\n";
			showEnvVarsInLog = 0;
		};
		D0A28EE110671AB31AE30FC2 /* [CP] Embed Pods Frameworks */ = {
			isa = PBXShellScriptBuildPhase;
			buildActionMask = 2147483647;
			files = (
			);
			inputFileListPaths = (
				"${PODS_ROOT}/Target Support Files/Pods-PrayerGod/Pods-PrayerGod-frameworks-${CONFIGURATION}-input-files.xcfilelist",
			);
			name = "[CP] Embed Pods Frameworks";
			outputFileListPaths = (
				"${PODS_ROOT}/Target Support Files/Pods-PrayerGod/Pods-PrayerGod-frameworks-${CONFIGURATION}-output-files.xcfilelist",
			);
			runOnlyForDeploymentPostprocessing = 0;
			shellPath = /bin/sh;
			shellScript = "\"${PODS_ROOT}/Target Support Files/Pods-PrayerGod/Pods-PrayerGod-frameworks.sh\"\n";
			showEnvVarsInLog = 0;
		};
/* End PBXShellScriptBuildPhase section */

/* Begin PBXSourcesBuildPhase section */
		228334D429ED047A0071FADB /* Sources */ = {
			isa = PBXSourcesBuildPhase;
			buildActionMask = 2147483647;
			files = (
				2215D3272A0503C500DC1129 /* ListViewController.swift in Sources */,
				2264D1A629ED731D0043E5CD /* SideMenuViewController.swift in Sources */,
				22636D6729EEAFF800C50F80 /* PersistantStorej.swift in Sources */,
				2262FB042A3B0C90002B000E /* SoundViewController.swift in Sources */,
				226365562A4043C500395B2C /* AppearanceViewController.swift in Sources */,
				2264D1A429ED72840043E5CD /*  AddValyueViewController.swift in Sources */,
				22636D6929EEB3DE00C50F80 /* CoreDataCrudOpretion.swift in Sources */,
				8841D4572A4D513800146ABA /* Garland+CoreDataClass.swift in Sources */,
				223413E42B43468C001ED0E9 /* AllStrMOdel.swift in Sources */,
				222882A22A3B010000FD9CF4 /* ConstantString.swift in Sources */,
				2237CB5929EE5EA200B06899 /* CellsidemenuTableVc.swift in Sources */,
				228334FA29ED11D90071FADB /* AllExtention.swift in Sources */,
				2264D1A229ED52FC0043E5CD /* CollectionViewCell.swift in Sources */,
				226352DD2A050FD600D42636 /* CellShowCurrentList.swift in Sources */,
				8841D4582A4D513800146ABA /* Garland+CoreDataProperties.swift in Sources */,
				228334DC29ED047A0071FADB /* AppDelegate.swift in Sources */,
				2262FB082A3B146A002B000E /* SoundViewCell.swift in Sources */,
				226365582A4056A500395B2C /* CellAppearanceCollectionViewCell.swift in Sources */,
				220FB29B2A11ED44002601AC /* CoreDataModel.xcdatamodeld in Sources */,
				228334DE29ED047A0071FADB /* SceneDelegate.swift in Sources */,
				22D49B7A2A09AB7900C5F15B /* ViewController.swift in Sources */,
				22636D5A29EE9E1300C50F80 /* CellFiltextTableVc.swift in Sources */,
			);
			runOnlyForDeploymentPostprocessing = 0;
		};
/* End PBXSourcesBuildPhase section */

/* Begin PBXVariantGroup section */
		228334E129ED047A0071FADB /* Main.storyboard */ = {
			isa = PBXVariantGroup;
			children = (
				228334E229ED047A0071FADB /* Base */,
			);
			name = Main.storyboard;
			sourceTree = "<group>";
		};
		228334E929ED047B0071FADB /* LaunchScreen.storyboard */ = {
			isa = PBXVariantGroup;
			children = (
				228334EA29ED047B0071FADB /* Base */,
			);
			name = LaunchScreen.storyboard;
			sourceTree = "<group>";
		};
/* End PBXVariantGroup section */

/* Begin XCBuildConfiguration section */
		228334ED29ED047B0071FADB /* Debug */ = {
			isa = XCBuildConfiguration;
			buildSettings = {
				ALWAYS_SEARCH_USER_PATHS = NO;
				CLANG_ANALYZER_NONNULL = YES;
				CLANG_ANALYZER_NUMBER_OBJECT_CONVERSION = YES_AGGRESSIVE;
				CLANG_CXX_LANGUAGE_STANDARD = "gnu++20";
				CLANG_ENABLE_MODULES = YES;
				CLANG_ENABLE_OBJC_ARC = YES;
				CLANG_ENABLE_OBJC_WEAK = YES;
				CLANG_WARN_BLOCK_CAPTURE_AUTORELEASING = YES;
				CLANG_WARN_BOOL_CONVERSION = YES;
				CLANG_WARN_COMMA = YES;
				CLANG_WARN_CONSTANT_CONVERSION = YES;
				CLANG_WARN_DEPRECATED_OBJC_IMPLEMENTATIONS = YES;
				CLANG_WARN_DIRECT_OBJC_ISA_USAGE = YES_ERROR;
				CLANG_WARN_DOCUMENTATION_COMMENTS = YES;
				CLANG_WARN_EMPTY_BODY = YES;
				CLANG_WARN_ENUM_CONVERSION = YES;
				CLANG_WARN_INFINITE_RECURSION = YES;
				CLANG_WARN_INT_CONVERSION = YES;
				CLANG_WARN_NON_LITERAL_NULL_CONVERSION = YES;
				CLANG_WARN_OBJC_IMPLICIT_RETAIN_SELF = YES;
				CLANG_WARN_OBJC_LITERAL_CONVERSION = YES;
				CLANG_WARN_OBJC_ROOT_CLASS = YES_ERROR;
				CLANG_WARN_QUOTED_INCLUDE_IN_FRAMEWORK_HEADER = YES;
				CLANG_WARN_RANGE_LOOP_ANALYSIS = YES;
				CLANG_WARN_STRICT_PROTOTYPES = YES;
				CLANG_WARN_SUSPICIOUS_MOVE = YES;
				CLANG_WARN_UNGUARDED_AVAILABILITY = YES_AGGRESSIVE;
				CLANG_WARN_UNREACHABLE_CODE = YES;
				CLANG_WARN__DUPLICATE_METHOD_MATCH = YES;
				COPY_PHASE_STRIP = NO;
				DEBUG_INFORMATION_FORMAT = dwarf;
				ENABLE_STRICT_OBJC_MSGSEND = YES;
				ENABLE_TESTABILITY = YES;
				GCC_C_LANGUAGE_STANDARD = gnu11;
				GCC_DYNAMIC_NO_PIC = NO;
				GCC_NO_COMMON_BLOCKS = YES;
				GCC_OPTIMIZATION_LEVEL = 0;
				GCC_PREPROCESSOR_DEFINITIONS = (
					"DEBUG=1",
					"$(inherited)",
				);
				GCC_WARN_64_TO_32_BIT_CONVERSION = YES;
				GCC_WARN_ABOUT_RETURN_TYPE = YES_ERROR;
				GCC_WARN_UNDECLARED_SELECTOR = YES;
				GCC_WARN_UNINITIALIZED_AUTOS = YES_AGGRESSIVE;
				GCC_WARN_UNUSED_FUNCTION = YES;
				GCC_WARN_UNUSED_VARIABLE = YES;
				IPHONEOS_DEPLOYMENT_TARGET = 16.2;
				MTL_ENABLE_DEBUG_INFO = INCLUDE_SOURCE;
				MTL_FAST_MATH = YES;
				ONLY_ACTIVE_ARCH = YES;
				SDKROOT = iphoneos;
				SWIFT_ACTIVE_COMPILATION_CONDITIONS = DEBUG;
				SWIFT_OPTIMIZATION_LEVEL = "-Onone";
			};
			name = Debug;
		};
		228334EE29ED047B0071FADB /* Release */ = {
			isa = XCBuildConfiguration;
			buildSettings = {
				ALWAYS_SEARCH_USER_PATHS = NO;
				CLANG_ANALYZER_NONNULL = YES;
				CLANG_ANALYZER_NUMBER_OBJECT_CONVERSION = YES_AGGRESSIVE;
				CLANG_CXX_LANGUAGE_STANDARD = "gnu++20";
				CLANG_ENABLE_MODULES = YES;
				CLANG_ENABLE_OBJC_ARC = YES;
				CLANG_ENABLE_OBJC_WEAK = YES;
				CLANG_WARN_BLOCK_CAPTURE_AUTORELEASING = YES;
				CLANG_WARN_BOOL_CONVERSION = YES;
				CLANG_WARN_COMMA = YES;
				CLANG_WARN_CONSTANT_CONVERSION = YES;
				CLANG_WARN_DEPRECATED_OBJC_IMPLEMENTATIONS = YES;
				CLANG_WARN_DIRECT_OBJC_ISA_USAGE = YES_ERROR;
				CLANG_WARN_DOCUMENTATION_COMMENTS = YES;
				CLANG_WARN_EMPTY_BODY = YES;
				CLANG_WARN_ENUM_CONVERSION = YES;
				CLANG_WARN_INFINITE_RECURSION = YES;
				CLANG_WARN_INT_CONVERSION = YES;
				CLANG_WARN_NON_LITERAL_NULL_CONVERSION = YES;
				CLANG_WARN_OBJC_IMPLICIT_RETAIN_SELF = YES;
				CLANG_WARN_OBJC_LITERAL_CONVERSION = YES;
				CLANG_WARN_OBJC_ROOT_CLASS = YES_ERROR;
				CLANG_WARN_QUOTED_INCLUDE_IN_FRAMEWORK_HEADER = YES;
				CLANG_WARN_RANGE_LOOP_ANALYSIS = YES;
				CLANG_WARN_STRICT_PROTOTYPES = YES;
				CLANG_WARN_SUSPICIOUS_MOVE = YES;
				CLANG_WARN_UNGUARDED_AVAILABILITY = YES_AGGRESSIVE;
				CLANG_WARN_UNREACHABLE_CODE = YES;
				CLANG_WARN__DUPLICATE_METHOD_MATCH = YES;
				COPY_PHASE_STRIP = NO;
				DEBUG_INFORMATION_FORMAT = "dwarf-with-dsym";
				ENABLE_NS_ASSERTIONS = NO;
				ENABLE_STRICT_OBJC_MSGSEND = YES;
				GCC_C_LANGUAGE_STANDARD = gnu11;
				GCC_NO_COMMON_BLOCKS = YES;
				GCC_WARN_64_TO_32_BIT_CONVERSION = YES;
				GCC_WARN_ABOUT_RETURN_TYPE = YES_ERROR;
				GCC_WARN_UNDECLARED_SELECTOR = YES;
				GCC_WARN_UNINITIALIZED_AUTOS = YES_AGGRESSIVE;
				GCC_WARN_UNUSED_FUNCTION = YES;
				GCC_WARN_UNUSED_VARIABLE = YES;
				IPHONEOS_DEPLOYMENT_TARGET = 16.2;
				MTL_ENABLE_DEBUG_INFO = NO;
				MTL_FAST_MATH = YES;
				SDKROOT = iphoneos;
				SWIFT_COMPILATION_MODE = wholemodule;
				SWIFT_OPTIMIZATION_LEVEL = "-O";
				VALIDATE_PRODUCT = YES;
			};
			name = Release;
		};
		228334F029ED047B0071FADB /* Debug */ = {
			isa = XCBuildConfiguration;
			baseConfigurationReference = BA2B626C8BE77D723CD3F2B8 /* Pods-PrayerGod.debug.xcconfig */;
			buildSettings = {
				ASSETCATALOG_COMPILER_APPICON_NAME = AppIcon;
				ASSETCATALOG_COMPILER_GLOBAL_ACCENT_COLOR_NAME = AccentColor;
				CODE_SIGN_STYLE = Automatic;
				CURRENT_PROJECT_VERSION = 1;
				DEVELOPMENT_TEAM = WVT85AW2HJ;
				GENERATE_INFOPLIST_FILE = YES;
				INFOPLIST_FILE = PrayerGod/Info.plist;
				INFOPLIST_KEY_UIApplicationSupportsIndirectInputEvents = YES;
				INFOPLIST_KEY_UILaunchStoryboardName = LaunchScreen;
				INFOPLIST_KEY_UIMainStoryboardFile = Main;
				INFOPLIST_KEY_UISupportedInterfaceOrientations = UIInterfaceOrientationPortrait;
				IPHONEOS_DEPLOYMENT_TARGET = 15.0;
				LD_RUNPATH_SEARCH_PATHS = (
					"$(inherited)",
					"@executable_path/Frameworks",
				);
				MARKETING_VERSION = 1.0;
				PRODUCT_BUNDLE_IDENTIFIER = com.nurev.j.PrayerGod;
				PRODUCT_NAME = "$(TARGET_NAME)";
				SWIFT_EMIT_LOC_STRINGS = YES;
				SWIFT_VERSION = 5.0;
				TARGETED_DEVICE_FAMILY = "1,2";
			};
			name = Debug;
		};
		228334F129ED047B0071FADB /* Release */ = {
			isa = XCBuildConfiguration;
			baseConfigurationReference = 00553C58A852E2560BDAFF26 /* Pods-PrayerGod.release.xcconfig */;
			buildSettings = {
				ASSETCATALOG_COMPILER_APPICON_NAME = AppIcon;
				ASSETCATALOG_COMPILER_GLOBAL_ACCENT_COLOR_NAME = AccentColor;
				CODE_SIGN_STYLE = Automatic;
				CURRENT_PROJECT_VERSION = 1;
				DEVELOPMENT_TEAM = WVT85AW2HJ;
				GENERATE_INFOPLIST_FILE = YES;
				INFOPLIST_FILE = PrayerGod/Info.plist;
				INFOPLIST_KEY_UIApplicationSupportsIndirectInputEvents = YES;
				INFOPLIST_KEY_UILaunchStoryboardName = LaunchScreen;
				INFOPLIST_KEY_UIMainStoryboardFile = Main;
				INFOPLIST_KEY_UISupportedInterfaceOrientations = UIInterfaceOrientationPortrait;
				IPHONEOS_DEPLOYMENT_TARGET = 15.0;
				LD_RUNPATH_SEARCH_PATHS = (
					"$(inherited)",
					"@executable_path/Frameworks",
				);
				MARKETING_VERSION = 1.0;
				PRODUCT_BUNDLE_IDENTIFIER = com.nurev.j.PrayerGod;
				PRODUCT_NAME = "$(TARGET_NAME)";
				SWIFT_EMIT_LOC_STRINGS = YES;
				SWIFT_VERSION = 5.0;
				TARGETED_DEVICE_FAMILY = "1,2";
			};
			name = Release;
		};
/* End XCBuildConfiguration section */

/* Begin XCConfigurationList section */
		228334D329ED047A0071FADB /* Build configuration list for PBXProject "PrayerGod" */ = {
			isa = XCConfigurationList;
			buildConfigurations = (
				228334ED29ED047B0071FADB /* Debug */,
				228334EE29ED047B0071FADB /* Release */,
			);
			defaultConfigurationIsVisible = 0;
			defaultConfigurationName = Release;
		};
		228334EF29ED047B0071FADB /* Build configuration list for PBXNativeTarget "PrayerGod" */ = {
			isa = XCConfigurationList;
			buildConfigurations = (
				228334F029ED047B0071FADB /* Debug */,
				228334F129ED047B0071FADB /* Release */,
			);
			defaultConfigurationIsVisible = 0;
			defaultConfigurationName = Release;
		};
/* End XCConfigurationList section */

/* Begin XCVersionGroup section */
		220FB2992A11ED44002601AC /* CoreDataModel.xcdatamodeld */ = {
			isa = XCVersionGroup;
			children = (
				220FB29A2A11ED44002601AC /* CoreDataModel.xcdatamodel */,
			);
			currentVersion = 220FB29A2A11ED44002601AC /* CoreDataModel.xcdatamodel */;
			path = CoreDataModel.xcdatamodeld;
			sourceTree = "<group>";
			versionGroupType = wrapper.xcdatamodel;
		};
/* End XCVersionGroup section */
	};
	rootObject = 228334D029ED047A0071FADB /* Project object */;
}
